{
  "meteor": {
    "git": "https://github.com/gno-io/meteor.git",
    "branch": "master",
    "commit": "046b509b2360d3945dad1e9ce5a32a8ecd8e2af3"
  },
  "dependencies": {
    "basePackages": {
      "iron-router": {}
    },
    "packages": {
      "iron-router": {
        "git": "https://github.com/EventedMind/iron-router.git",
        "tag": "v0.6.4",
        "commit": "927bbaed1b87894fb6fb70807f74ff3a5bd89f29"
      }
    }
  }
}
